
Microsoft Visual Studio Solution File, Format Version 12.00
# Visual Studio Version 16
VisualStudioVersion = 16.0.30413.136
MinimumVisualStudioVersion = 10.0.40219.1
Project("{FAE04EC0-301F-11D3-BF4B-00C04F79EFBC}") = "MedidorAmor", "MedidorAmor\MedidorAmor.csproj", "{4823F3FD-EC29-4248-8871-FC50A5E7809E}"
EndProject
Global
	GlobalSection(SolutionConfigurationPlatforms) = preSolution
		Debug|Any CPU = Debug|Any CPU
		Release|Any CPU = Release|Any CPU
	EndGlobalSection
	GlobalSection(ProjectConfigurationPlatforms) = postSolution
		{4823F3FD-EC29-4248-8871-FC50A5E7809E}.Debug|Any CPU.ActiveCfg = Debug|Any CPU
		{4823F3FD-EC29-4248-8871-FC50A5E7809E}.Debug|Any CPU.Build.0 = Debug|Any CPU
		{4823F3FD-EC29-4248-8871-FC50A5E7809E}.Release|Any CPU.ActiveCfg = Release|Any CPU
		{4823F3FD-EC29-4248-8871-FC50A5E7809E}.Release|Any CPU.Build.0 = Release|Any CPU
	EndGlobalSection
	GlobalSection(SolutionProperties) = preSolution
		HideSolutionNode = FALSE
	EndGlobalSection
	GlobalSection(ExtensibilityGlobals) = postSolution
		SolutionGuid = {0D99A17B-590F-43EF-A9CB-51CF4010EFFC}
	EndGlobalSection
EndGlobal
